
Microsoft Visual Studio Solution File, Format Version 12.00
# Visual Studio 14
VisualStudioVersion = 14.0.25420.1
MinimumVisualStudioVersion = 10.0.40219.1
Project("{FAE04EC0-301F-11D3-BF4B-00C04F79EFBC}") = "RegistrationApp.DataAccess", "RegistrationApp\RegistrationApp.DataAccess.csproj", "{A535CCBC-1BD1-41E9-AF63-714402EA8E6D}"
EndProject
Project("{FAE04EC0-301F-11D3-BF4B-00C04F79EFBC}") = "RegistrationApp.Tests", "RegistrationApp.Tests\RegistrationApp.Tests.csproj", "{03609A97-FFF3-4036-9D26-0B66A2F457C1}"
EndProject
Project("{FAE04EC0-301F-11D3-BF4B-00C04F79EFBC}") = "RegistrationApp.DataClient", "RegistrationApp.DataClient\RegistrationApp.DataClient.csproj", "{18F32A36-99A2-48F7-A858-7093D415447E}"
EndProject
Global
	GlobalSection(SolutionConfigurationPlatforms) = preSolution
		Debug|Any CPU = Debug|Any CPU
		Release|Any CPU = Release|Any CPU
	EndGlobalSection
	GlobalSection(ProjectConfigurationPlatforms) = postSolution
		{A535CCBC-1BD1-41E9-AF63-714402EA8E6D}.Debug|Any CPU.ActiveCfg = Debug|Any CPU
		{A535CCBC-1BD1-41E9-AF63-714402EA8E6D}.Debug|Any CPU.Build.0 = Debug|Any CPU
		{A535CCBC-1BD1-41E9-AF63-714402EA8E6D}.Release|Any CPU.ActiveCfg = Release|Any CPU
		{A535CCBC-1BD1-41E9-AF63-714402EA8E6D}.Release|Any CPU.Build.0 = Release|Any CPU
		{03609A97-FFF3-4036-9D26-0B66A2F457C1}.Debug|Any CPU.ActiveCfg = Debug|Any CPU
		{03609A97-FFF3-4036-9D26-0B66A2F457C1}.Debug|Any CPU.Build.0 = Debug|Any CPU
		{03609A97-FFF3-4036-9D26-0B66A2F457C1}.Release|Any CPU.ActiveCfg = Release|Any CPU
		{03609A97-FFF3-4036-9D26-0B66A2F457C1}.Release|Any CPU.Build.0 = Release|Any CPU
		{18F32A36-99A2-48F7-A858-7093D415447E}.Debug|Any CPU.ActiveCfg = Debug|Any CPU
		{18F32A36-99A2-48F7-A858-7093D415447E}.Debug|Any CPU.Build.0 = Debug|Any CPU
		{18F32A36-99A2-48F7-A858-7093D415447E}.Release|Any CPU.ActiveCfg = Release|Any CPU
		{18F32A36-99A2-48F7-A858-7093D415447E}.Release|Any CPU.Build.0 = Release|Any CPU
	EndGlobalSection
	GlobalSection(SolutionProperties) = preSolution
		HideSolutionNode = FALSE
	EndGlobalSection
EndGlobal
